
Microsoft Visual Studio Solution File, Format Version 12.00
# Visual Studio Version 17
VisualStudioVersion = 17.14.36310.24 d17.14
MinimumVisualStudioVersion = 10.0.40219.1
Project("{FAE04EC0-301F-11D3-BF4B-00C04F79EFBC}") = "person-manager", "person-manager\person-manager.csproj", "{EB4C378D-C4E1-4D61-8F87-E70B6988A362}"
EndProject
Global
	GlobalSection(SolutionConfigurationPlatforms) = preSolution
		Debug|Any CPU = Debug|Any CPU
		Release|Any CPU = Release|Any CPU
	EndGlobalSection
	GlobalSection(ProjectConfigurationPlatforms) = postSolution
		{EB4C378D-C4E1-4D61-8F87-E70B6988A362}.Debug|Any CPU.ActiveCfg = Debug|Any CPU
		{EB4C378D-C4E1-4D61-8F87-E70B6988A362}.Debug|Any CPU.Build.0 = Debug|Any CPU
		{EB4C378D-C4E1-4D61-8F87-E70B6988A362}.Release|Any CPU.ActiveCfg = Release|Any CPU
		{EB4C378D-C4E1-4D61-8F87-E70B6988A362}.Release|Any CPU.Build.0 = Release|Any CPU
	EndGlobalSection
	GlobalSection(SolutionProperties) = preSolution
		HideSolutionNode = FALSE
	EndGlobalSection
	GlobalSection(ExtensibilityGlobals) = postSolution
		SolutionGuid = {5890AA7B-C5D8-455D-A595-20FC968EE1D8}
	EndGlobalSection
EndGlobal
